// !$*UTF8*$!
{
	archiveVersion = 1;
	classes = {
	};
	objectVersion = 77;
	objects = {

/* Begin PBXBuildFile section */
		C616BDC82F962885009E2D27 /* AppDelegate.swift in Sources */ = {isa = PBXBuildFile; fileRef = C616BDC72F962885009E2D27 /* AppDelegate.swift */; };
		C616BDCA2F962885009E2D27 /* SceneDelegate.swift in Sources */ = {isa = PBXBuildFile; fileRef = C616BDC92F962885009E2D27 /* SceneDelegate.swift */; };
		C616BDCD2F962885009E2D27 /* LaunchScreen.storyboard in Resources */ = {isa = PBXBuildFile; fileRef = C616BDCB2F962885009E2D27 /* LaunchScreen.storyboard */; };
		C616BDD02F962885009E2D27 /* Main.storyboard in Resources */ = {isa = PBXBuildFile; fileRef = C616BDCE2F962885009E2D27 /* Main.storyboard */; };
		C616BDD92F962885009E2D27 /* AppDelegate.swift in Sources */ = {isa = PBXBuildFile; fileRef = C616BDD82F962885009E2D27 /* AppDelegate.swift */; };
		C616BDDC2F962885009E2D27 /* Main.storyboard in Resources */ = {isa = PBXBuildFile; fileRef = C616BDDA2F962885009E2D27 /* Main.storyboard */; };
		C616BDE32F962885009E2D27 /* LumenPass Extension.appex in Embed Foundation Extensions */ = {isa = PBXBuildFile; fileRef = C616BDE22F962885009E2D27 /* LumenPass Extension.appex */; settings = {ATTRIBUTES = (RemoveHeadersOnCopy, ); }; };
		C616BDED2F962885009E2D27 /* LumenPass Extension.appex in Embed Foundation Extensions */ = {isa = PBXBuildFile; fileRef = C616BDEC2F962885009E2D27 /* LumenPass Extension.appex */; settings = {ATTRIBUTES = (RemoveHeadersOnCopy, ); }; };
		C616BDF22F962885009E2D27 /* Main.html in Resources */ = {isa = PBXBuildFile; fileRef = C616BDB72F962883009E2D27 /* Main.html */; };
		C616BDF32F962885009E2D27 /* Main.html in Resources */ = {isa = PBXBuildFile; fileRef = C616BDB72F962883009E2D27 /* Main.html */; };
		C616BDF42F962885009E2D27 /* Icon.png in Resources */ = {isa = PBXBuildFile; fileRef = C616BDB92F962883009E2D27 /* Icon.png */; };
		C616BDF52F962885009E2D27 /* Icon.png in Resources */ = {isa = PBXBuildFile; fileRef = C616BDB92F962883009E2D27 /* Icon.png */; };
		C616BDF62F962885009E2D27 /* Style.css in Resources */ = {isa = PBXBuildFile; fileRef = C616BDBA2F962883009E2D27 /* Style.css */; };
		C616BDF72F962885009E2D27 /* Style.css in Resources */ = {isa = PBXBuildFile; fileRef = C616BDBA2F962883009E2D27 /* Style.css */; };
		C616BDF82F962885009E2D27 /* Script.js in Resources */ = {isa = PBXBuildFile; fileRef = C616BDBB2F962883009E2D27 /* Script.js */; };
		C616BDF92F962885009E2D27 /* Script.js in Resources */ = {isa = PBXBuildFile; fileRef = C616BDBB2F962883009E2D27 /* Script.js */; };
		C616BDFA2F962885009E2D27 /* ViewController.swift in Sources */ = {isa = PBXBuildFile; fileRef = C616BDBC2F962883009E2D27 /* ViewController.swift */; };
		C616BDFB2F962885009E2D27 /* ViewController.swift in Sources */ = {isa = PBXBuildFile; fileRef = C616BDBC2F962883009E2D27 /* ViewController.swift */; };
		C616BDFC2F962885009E2D27 /* Assets.xcassets in Resources */ = {isa = PBXBuildFile; fileRef = C616BDBD2F962885009E2D27 /* Assets.xcassets */; };
		C616BDFD2F962885009E2D27 /* Assets.xcassets in Resources */ = {isa = PBXBuildFile; fileRef = C616BDBD2F962885009E2D27 /* Assets.xcassets */; };
		C616BDFE2F962885009E2D27 /* SafariWebExtensionHandler.swift in Sources */ = {isa = PBXBuildFile; fileRef = C616BDBF2F962885009E2D27 /* SafariWebExtensionHandler.swift */; };
		C616BDFF2F962885009E2D27 /* SafariWebExtensionHandler.swift in Sources */ = {isa = PBXBuildFile; fileRef = C616BDBF2F962885009E2D27 /* SafariWebExtensionHandler.swift */; };
		C616BE162F962886009E2D27 /* background in Resources */ = {isa = PBXBuildFile; fileRef = C616BE112F962886009E2D27 /* background */; };
		C616BE172F962886009E2D27 /* popup in Resources */ = {isa = PBXBuildFile; fileRef = C616BE122F962886009E2D27 /* popup */; };
		C616BE182F962886009E2D27 /* content in Resources */ = {isa = PBXBuildFile; fileRef = C616BE132F962886009E2D27 /* content */; };
		C616BE192F962886009E2D27 /* icons in Resources */ = {isa = PBXBuildFile; fileRef = C616BE142F962886009E2D27 /* icons */; };
		C616BE1A2F962886009E2D27 /* manifest.json in Resources */ = {isa = PBXBuildFile; fileRef = C616BE152F962886009E2D27 /* manifest.json */; };
		C616BE1B2F962886009E2D27 /* background in Resources */ = {isa = PBXBuildFile; fileRef = C616BE112F962886009E2D27 /* background */; };
		C616BE1C2F962886009E2D27 /* popup in Resources */ = {isa = PBXBuildFile; fileRef = C616BE122F962886009E2D27 /* popup */; };
		C616BE1D2F962886009E2D27 /* content in Resources */ = {isa = PBXBuildFile; fileRef = C616BE132F962886009E2D27 /* content */; };
		C616BE1E2F962886009E2D27 /* icons in Resources */ = {isa = PBXBuildFile; fileRef = C616BE142F962886009E2D27 /* icons */; };
		C616BE1F2F962886009E2D27 /* manifest.json in Resources */ = {isa = PBXBuildFile; fileRef = C616BE152F962886009E2D27 /* manifest.json */; };
/* End PBXBuildFile section */

/* Begin PBXContainerItemProxy section */
		C616BDE42F962885009E2D27 /* PBXContainerItemProxy */ = {
			isa = PBXContainerItemProxy;
			containerPortal = C616BDB12F962883009E2D27 /* Project object */;
			proxyType = 1;
			remoteGlobalIDString = C616BDE12F962885009E2D27;
			remoteInfo = "LumenPass Extension (iOS)";
		};
		C616BDEE2F962885009E2D27 /* PBXContainerItemProxy */ = {
			isa = PBXContainerItemProxy;
			containerPortal = C616BDB12F962883009E2D27 /* Project object */;
			proxyType = 1;
			remoteGlobalIDString = C616BDEB2F962885009E2D27;
			remoteInfo = "LumenPass Extension (macOS)";
		};
/* End PBXContainerItemProxy section */

/* Begin PBXCopyFilesBuildPhase section */
		C616BE052F962885009E2D27 /* Embed Foundation Extensions */ = {
			isa = PBXCopyFilesBuildPhase;
			buildActionMask = 2147483647;
			dstPath = "";
			dstSubfolderSpec = 13;
			files = (
				C616BDE32F962885009E2D27 /* LumenPass Extension.appex in Embed Foundation Extensions */,
			);
			name = "Embed Foundation Extensions";
			runOnlyForDeploymentPostprocessing = 0;
		};
		C616BE0C2F962885009E2D27 /* Embed Foundation Extensions */ = {
			isa = PBXCopyFilesBuildPhase;
			buildActionMask = 2147483647;
			dstPath = "";
			dstSubfolderSpec = 13;
			files = (
				C616BDED2F962885009E2D27 /* LumenPass Extension.appex in Embed Foundation Extensions */,
			);
			name = "Embed Foundation Extensions";
			runOnlyForDeploymentPostprocessing = 0;
		};
/* End PBXCopyFilesBuildPhase section */

/* Begin PBXFileReference section */
		C616BDB82F962883009E2D27 /* Base */ = {isa = PBXFileReference; lastKnownFileType = text.html; name = Base; path = Base.lproj/Main.html; sourceTree = "<group>"; };
		C616BDB92F962883009E2D27 /* Icon.png */ = {isa = PBXFileReference; lastKnownFileType = image.png; path = Icon.png; sourceTree = "<group>"; };
		C616BDBA2F962883009E2D27 /* Style.css */ = {isa = PBXFileReference; lastKnownFileType = text.css; path = Style.css; sourceTree = "<group>"; };
		C616BDBB2F962883009E2D27 /* Script.js */ = {isa = PBXFileReference; lastKnownFileType = sourcecode.javascript; path = Script.js; sourceTree = "<group>"; };
		C616BDBC2F962883009E2D27 /* ViewController.swift */ = {isa = PBXFileReference; lastKnownFileType = sourcecode.swift; path = ViewController.swift; sourceTree = "<group>"; };
		C616BDBD2F962885009E2D27 /* Assets.xcassets */ = {isa = PBXFileReference; lastKnownFileType = folder.assetcatalog; path = Assets.xcassets; sourceTree = "<group>"; };
		C616BDBF2F962885009E2D27 /* SafariWebExtensionHandler.swift */ = {isa = PBXFileReference; lastKnownFileType = sourcecode.swift; path = SafariWebExtensionHandler.swift; sourceTree = "<group>"; };
		C616BDC42F962885009E2D27 /* LumenPass.app */ = {isa = PBXFileReference; explicitFileType = wrapper.application; includeInIndex = 0; path = LumenPass.app; sourceTree = BUILT_PRODUCTS_DIR; };
		C616BDC72F962885009E2D27 /* AppDelegate.swift */ = {isa = PBXFileReference; lastKnownFileType = sourcecode.swift; path = AppDelegate.swift; sourceTree = "<group>"; };
		C616BDC92F962885009E2D27 /* SceneDelegate.swift */ = {isa = PBXFileReference; lastKnownFileType = sourcecode.swift; path = SceneDelegate.swift; sourceTree = "<group>"; };
		C616BDCC2F962885009E2D27 /* Base */ = {isa = PBXFileReference; lastKnownFileType = file.storyboard; name = Base; path = Base.lproj/LaunchScreen.storyboard; sourceTree = "<group>"; };
		C616BDCF2F962885009E2D27 /* Base */ = {isa = PBXFileReference; lastKnownFileType = file.storyboard; name = Base; path = Base.lproj/Main.storyboard; sourceTree = "<group>"; };
		C616BDD12F962885009E2D27 /* Info.plist */ = {isa = PBXFileReference; lastKnownFileType = text.plist.xml; path = Info.plist; sourceTree = "<group>"; };
		C616BDD62F962885009E2D27 /* LumenPass.app */ = {isa = PBXFileReference; explicitFileType = wrapper.application; includeInIndex = 0; path = LumenPass.app; sourceTree = BUILT_PRODUCTS_DIR; };
		C616BDD82F962885009E2D27 /* AppDelegate.swift */ = {isa = PBXFileReference; lastKnownFileType = sourcecode.swift; path = AppDelegate.swift; sourceTree = "<group>"; };
		C616BDDB2F962885009E2D27 /* Base */ = {isa = PBXFileReference; lastKnownFileType = file.storyboard; name = Base; path = Base.lproj/Main.storyboard; sourceTree = "<group>"; };
		C616BDDD2F962885009E2D27 /* Info.plist */ = {isa = PBXFileReference; lastKnownFileType = text.plist.xml; path = Info.plist; sourceTree = "<group>"; };
		C616BDE22F962885009E2D27 /* LumenPass Extension.appex */ = {isa = PBXFileReference; explicitFileType = "wrapper.app-extension"; includeInIndex = 0; path = "LumenPass Extension.appex"; sourceTree = BUILT_PRODUCTS_DIR; };
		C616BDE72F962885009E2D27 /* Info.plist */ = {isa = PBXFileReference; lastKnownFileType = text.plist.xml; path = Info.plist; sourceTree = "<group>"; };
		C616BDEC2F962885009E2D27 /* LumenPass Extension.appex */ = {isa = PBXFileReference; explicitFileType = "wrapper.app-extension"; includeInIndex = 0; path = "LumenPass Extension.appex"; sourceTree = BUILT_PRODUCTS_DIR; };
		C616BDF12F962885009E2D27 /* Info.plist */ = {isa = PBXFileReference; lastKnownFileType = text.plist.xml; path = Info.plist; sourceTree = "<group>"; };
		C616BE112F962886009E2D27 /* background */ = {isa = PBXFileReference; lastKnownFileType = folder; name = background; path = "../../../lumenpass-extension/dist-safari/background"; sourceTree = "<group>"; };
		C616BE122F962886009E2D27 /* popup */ = {isa = PBXFileReference; lastKnownFileType = folder; name = popup; path = "../../../lumenpass-extension/dist-safari/popup"; sourceTree = "<group>"; };
		C616BE132F962886009E2D27 /* content */ = {isa = PBXFileReference; lastKnownFileType = folder; name = content; path = "../../../lumenpass-extension/dist-safari/content"; sourceTree = "<group>"; };
		C616BE142F962886009E2D27 /* icons */ = {isa = PBXFileReference; lastKnownFileType = folder; name = icons; path = "../../../lumenpass-extension/dist-safari/icons"; sourceTree = "<group>"; };
		C616BE152F962886009E2D27 /* manifest.json */ = {isa = PBXFileReference; lastKnownFileType = text.json; name = manifest.json; path = "../../../lumenpass-extension/dist-safari/manifest.json"; sourceTree = "<group>"; };
/* End PBXFileReference section */

/* Begin PBXFrameworksBuildPhase section */
		C616BDC12F962885009E2D27 /* Frameworks */ = {
			isa = PBXFrameworksBuildPhase;
			buildActionMask = 2147483647;
			files = (
			);
			runOnlyForDeploymentPostprocessing = 0;
		};
		C616BDD32F962885009E2D27 /* Frameworks */ = {
			isa = PBXFrameworksBuildPhase;
			buildActionMask = 2147483647;
			files = (
			);
			runOnlyForDeploymentPostprocessing = 0;
		};
		C616BDDF2F962885009E2D27 /* Frameworks */ = {
			isa = PBXFrameworksBuildPhase;
			buildActionMask = 2147483647;
			files = (
			);
			runOnlyForDeploymentPostprocessing = 0;
		};
		C616BDE92F962885009E2D27 /* Frameworks */ = {
			isa = PBXFrameworksBuildPhase;
			buildActionMask = 2147483647;
			files = (
			);
			runOnlyForDeploymentPostprocessing = 0;
		};
/* End PBXFrameworksBuildPhase section */

/* Begin PBXGroup section */
		C616BDB02F962883009E2D27 = {
			isa = PBXGroup;
			children = (
				C616BDB52F962883009E2D27 /* Shared (App) */,
				C616BDBE2F962885009E2D27 /* Shared (Extension) */,
				C616BDC62F962885009E2D27 /* iOS (App) */,
				C616BDD72F962885009E2D27 /* macOS (App) */,
				C616BDE62F962885009E2D27 /* iOS (Extension) */,
				C616BDF02F962885009E2D27 /* macOS (Extension) */,
				C616BDC52F962885009E2D27 /* Products */,
			);
			sourceTree = "<group>";
		};
		C616BDB52F962883009E2D27 /* Shared (App) */ = {
			isa = PBXGroup;
			children = (
				C616BDBC2F962883009E2D27 /* ViewController.swift */,
				C616BDBD2F962885009E2D27 /* Assets.xcassets */,
				C616BDB62F962883009E2D27 /* Resources */,
			);
			path = "Shared (App)";
			sourceTree = "<group>";
		};
		C616BDB62F962883009E2D27 /* Resources */ = {
			isa = PBXGroup;
			children = (
				C616BDB72F962883009E2D27 /* Main.html */,
				C616BDB92F962883009E2D27 /* Icon.png */,
				C616BDBA2F962883009E2D27 /* Style.css */,
				C616BDBB2F962883009E2D27 /* Script.js */,
			);
			path = Resources;
			sourceTree = "<group>";
		};
		C616BDBE2F962885009E2D27 /* Shared (Extension) */ = {
			isa = PBXGroup;
			children = (
				C616BE102F962886009E2D27 /* Resources */,
				C616BDBF2F962885009E2D27 /* SafariWebExtensionHandler.swift */,
			);
			path = "Shared (Extension)";
			sourceTree = "<group>";
		};
		C616BDC52F962885009E2D27 /* Products */ = {
			isa = PBXGroup;
			children = (
				C616BDC42F962885009E2D27 /* LumenPass.app */,
				C616BDD62F962885009E2D27 /* LumenPass.app */,
				C616BDE22F962885009E2D27 /* LumenPass Extension.appex */,
				C616BDEC2F962885009E2D27 /* LumenPass Extension.appex */,
			);
			name = Products;
			sourceTree = "<group>";
		};
		C616BDC62F962885009E2D27 /* iOS (App) */ = {
			isa = PBXGroup;
			children = (
				C616BDC72F962885009E2D27 /* AppDelegate.swift */,
				C616BDC92F962885009E2D27 /* SceneDelegate.swift */,
				C616BDCB2F962885009E2D27 /* LaunchScreen.storyboard */,
				C616BDCE2F962885009E2D27 /* Main.storyboard */,
				C616BDD12F962885009E2D27 /* Info.plist */,
			);
			path = "iOS (App)";
			sourceTree = "<group>";
		};
		C616BDD72F962885009E2D27 /* macOS (App) */ = {
			isa = PBXGroup;
			children = (
				C616BDD82F962885009E2D27 /* AppDelegate.swift */,
				C616BDDA2F962885009E2D27 /* Main.storyboard */,
				C616BDDD2F962885009E2D27 /* Info.plist */,
			);
			path = "macOS (App)";
			sourceTree = "<group>";
		};
		C616BDE62F962885009E2D27 /* iOS (Extension) */ = {
			isa = PBXGroup;
			children = (
				C616BDE72F962885009E2D27 /* Info.plist */,
			);
			path = "iOS (Extension)";
			sourceTree = "<group>";
		};
		C616BDF02F962885009E2D27 /* macOS (Extension) */ = {
			isa = PBXGroup;
			children = (
				C616BDF12F962885009E2D27 /* Info.plist */,
			);
			path = "macOS (Extension)";
			sourceTree = "<group>";
		};
		C616BE102F962886009E2D27 /* Resources */ = {
			isa = PBXGroup;
			children = (
				C616BE112F962886009E2D27 /* background */,
				C616BE122F962886009E2D27 /* popup */,
				C616BE132F962886009E2D27 /* content */,
				C616BE142F962886009E2D27 /* icons */,
				C616BE152F962886009E2D27 /* manifest.json */,
			);
			name = Resources;
			path = "Shared (Extension)";
			sourceTree = SOURCE_ROOT;
		};
/* End PBXGroup section */

/* Begin PBXNativeTarget section */
		C616BDC32F962885009E2D27 /* LumenPass (iOS) */ = {
			isa = PBXNativeTarget;
			buildConfigurationList = C616BE062F962885009E2D27 /* Build configuration list for PBXNativeTarget "LumenPass (iOS)" */;
			buildPhases = (
				C616BDC02F962885009E2D27 /* Sources */,
				C616BDC12F962885009E2D27 /* Frameworks */,
				C616BDC22F962885009E2D27 /* Resources */,
				C616BE052F962885009E2D27 /* Embed Foundation Extensions */,
			);
			buildRules = (
			);
			dependencies = (
				C616BDE52F962885009E2D27 /* PBXTargetDependency */,
			);
			name = "LumenPass (iOS)";
			packageProductDependencies = (
			);
			productName = "LumenPass (iOS)";
			productReference = C616BDC42F962885009E2D27 /* LumenPass.app */;
			productType = "com.apple.product-type.application";
		};
		C616BDD52F962885009E2D27 /* LumenPass (macOS) */ = {
			isa = PBXNativeTarget;
			buildConfigurationList = C616BE0D2F962885009E2D27 /* Build configuration list for PBXNativeTarget "LumenPass (macOS)" */;
			buildPhases = (
				C616BDD22F962885009E2D27 /* Sources */,
				C616BDD32F962885009E2D27 /* Frameworks */,
				C616BDD42F962885009E2D27 /* Resources */,
				C616BE0C2F962885009E2D27 /* Embed Foundation Extensions */,
			);
			buildRules = (
			);
			dependencies = (
				C616BDEF2F962885009E2D27 /* PBXTargetDependency */,
			);
			name = "LumenPass (macOS)";
			packageProductDependencies = (
			);
			productName = "LumenPass (macOS)";
			productReference = C616BDD62F962885009E2D27 /* LumenPass.app */;
			productType = "com.apple.product-type.application";
		};
		C616BDE12F962885009E2D27 /* LumenPass Extension (iOS) */ = {
			isa = PBXNativeTarget;
			buildConfigurationList = C616BE022F962885009E2D27 /* Build configuration list for PBXNativeTarget "LumenPass Extension (iOS)" */;
			buildPhases = (
				C616BDDE2F962885009E2D27 /* Sources */,
				C616BDDF2F962885009E2D27 /* Frameworks */,
				C616BDE02F962885009E2D27 /* Resources */,
			);
			buildRules = (
			);
			dependencies = (
			);
			name = "LumenPass Extension (iOS)";
			packageProductDependencies = (
			);
			productName = "LumenPass Extension (iOS)";
			productReference = C616BDE22F962885009E2D27 /* LumenPass Extension.appex */;
			productType = "com.apple.product-type.app-extension";
		};
		C616BDEB2F962885009E2D27 /* LumenPass Extension (macOS) */ = {
			isa = PBXNativeTarget;
			buildConfigurationList = C616BE092F962885009E2D27 /* Build configuration list for PBXNativeTarget "LumenPass Extension (macOS)" */;
			buildPhases = (
				C616BDE82F962885009E2D27 /* Sources */,
				C616BDE92F962885009E2D27 /* Frameworks */,
				C616BDEA2F962885009E2D27 /* Resources */,
			);
			buildRules = (
			);
			dependencies = (
			);
			name = "LumenPass Extension (macOS)";
			packageProductDependencies = (
			);
			productName = "LumenPass Extension (macOS)";
			productReference = C616BDEC2F962885009E2D27 /* LumenPass Extension.appex */;
			productType = "com.apple.product-type.app-extension";
		};
/* End PBXNativeTarget section */

/* Begin PBXProject section */
		C616BDB12F962883009E2D27 /* Project object */ = {
			isa = PBXProject;
			attributes = {
				BuildIndependentTargetsInParallel = 1;
				LastSwiftUpdateCheck = 2630;
				LastUpgradeCheck = 2630;
				TargetAttributes = {
					C616BDC32F962885009E2D27 = {
						CreatedOnToolsVersion = 26.3;
					};
					C616BDD52F962885009E2D27 = {
						CreatedOnToolsVersion = 26.3;
					};
					C616BDE12F962885009E2D27 = {
						CreatedOnToolsVersion = 26.3;
					};
					C616BDEB2F962885009E2D27 = {
						CreatedOnToolsVersion = 26.3;
					};
				};
			};
			buildConfigurationList = C616BDB42F962883009E2D27 /* Build configuration list for PBXProject "LumenPass" */;
			developmentRegion = en;
			hasScannedForEncodings = 0;
			knownRegions = (
				en,
				Base,
			);
			mainGroup = C616BDB02F962883009E2D27;
			minimizedProjectReferenceProxies = 1;
			preferredProjectObjectVersion = 77;
			productRefGroup = C616BDC52F962885009E2D27 /* Products */;
			projectDirPath = "";
			projectRoot = "";
			targets = (
				C616BDC32F962885009E2D27 /* LumenPass (iOS) */,
				C616BDD52F962885009E2D27 /* LumenPass (macOS) */,
				C616BDE12F962885009E2D27 /* LumenPass Extension (iOS) */,
				C616BDEB2F962885009E2D27 /* LumenPass Extension (macOS) */,
			);
		};
/* End PBXProject section */

/* Begin PBXResourcesBuildPhase section */
		C616BDC22F962885009E2D27 /* Resources */ = {
			isa = PBXResourcesBuildPhase;
			buildActionMask = 2147483647;
			files = (
				C616BDF42F962885009E2D27 /* Icon.png in Resources */,
				C616BDCD2F962885009E2D27 /* LaunchScreen.storyboard in Resources */,
				C616BDF22F962885009E2D27 /* Main.html in Resources */,
				C616BDF82F962885009E2D27 /* Script.js in Resources */,
				C616BDFC2F962885009E2D27 /* Assets.xcassets in Resources */,
				C616BDD02F962885009E2D27 /* Main.storyboard in Resources */,
				C616BDF62F962885009E2D27 /* Style.css in Resources */,
			);
			runOnlyForDeploymentPostprocessing = 0;
		};
		C616BDD42F962885009E2D27 /* Resources */ = {
			isa = PBXResourcesBuildPhase;
			buildActionMask = 2147483647;
			files = (
				C616BDF52F962885009E2D27 /* Icon.png in Resources */,
				C616BDF72F962885009E2D27 /* Style.css in Resources */,
				C616BDDC2F962885009E2D27 /* Main.storyboard in Resources */,
				C616BDF92F962885009E2D27 /* Script.js in Resources */,
				C616BDFD2F962885009E2D27 /* Assets.xcassets in Resources */,
				C616BDF32F962885009E2D27 /* Main.html in Resources */,
			);
			runOnlyForDeploymentPostprocessing = 0;
		};
		C616BDE02F962885009E2D27 /* Resources */ = {
			isa = PBXResourcesBuildPhase;
			buildActionMask = 2147483647;
			files = (
				C616BE1D2F962886009E2D27 /* content in Resources */,
				C616BE1E2F962886009E2D27 /* icons in Resources */,
				C616BE1F2F962886009E2D27 /* manifest.json in Resources */,
				C616BE1B2F962886009E2D27 /* background in Resources */,
				C616BE1C2F962886009E2D27 /* popup in Resources */,
			);
			runOnlyForDeploymentPostprocessing = 0;
		};
		C616BDEA2F962885009E2D27 /* Resources */ = {
			isa = PBXResourcesBuildPhase;
			buildActionMask = 2147483647;
			files = (
				C616BE182F962886009E2D27 /* content in Resources */,
				C616BE192F962886009E2D27 /* icons in Resources */,
				C616BE1A2F962886009E2D27 /* manifest.json in Resources */,
				C616BE162F962886009E2D27 /* background in Resources */,
				C616BE172F962886009E2D27 /* popup in Resources */,
			);
			runOnlyForDeploymentPostprocessing = 0;
		};
/* End PBXResourcesBuildPhase section */

/* Begin PBXSourcesBuildPhase section */
		C616BDC02F962885009E2D27 /* Sources */ = {
			isa = PBXSourcesBuildPhase;
			buildActionMask = 2147483647;
			files = (
				C616BDFA2F962885009E2D27 /* ViewController.swift in Sources */,
				C616BDC82F962885009E2D27 /* AppDelegate.swift in Sources */,
				C616BDCA2F962885009E2D27 /* SceneDelegate.swift in Sources */,
			);
			runOnlyForDeploymentPostprocessing = 0;
		};
		C616BDD22F962885009E2D27 /* Sources */ = {
			isa = PBXSourcesBuildPhase;
			buildActionMask = 2147483647;
			files = (
				C616BDFB2F962885009E2D27 /* ViewController.swift in Sources */,
				C616BDD92F962885009E2D27 /* AppDelegate.swift in Sources */,
			);
			runOnlyForDeploymentPostprocessing = 0;
		};
		C616BDDE2F962885009E2D27 /* Sources */ = {
			isa = PBXSourcesBuildPhase;
			buildActionMask = 2147483647;
			files = (
				C616BDFE2F962885009E2D27 /* SafariWebExtensionHandler.swift in Sources */,
			);
			runOnlyForDeploymentPostprocessing = 0;
		};
		C616BDE82F962885009E2D27 /* Sources */ = {
			isa = PBXSourcesBuildPhase;
			buildActionMask = 2147483647;
			files = (
				C616BDFF2F962885009E2D27 /* SafariWebExtensionHandler.swift in Sources */,
			);
			runOnlyForDeploymentPostprocessing = 0;
		};
/* End PBXSourcesBuildPhase section */

/* Begin PBXTargetDependency section */
		C616BDE52F962885009E2D27 /* PBXTargetDependency */ = {
			isa = PBXTargetDependency;
			target = C616BDE12F962885009E2D27 /* LumenPass Extension (iOS) */;
			targetProxy = C616BDE42F962885009E2D27 /* PBXContainerItemProxy */;
		};
		C616BDEF2F962885009E2D27 /* PBXTargetDependency */ = {
			isa = PBXTargetDependency;
			target = C616BDEB2F962885009E2D27 /* LumenPass Extension (macOS) */;
			targetProxy = C616BDEE2F962885009E2D27 /* PBXContainerItemProxy */;
		};
/* End PBXTargetDependency section */

/* Begin PBXVariantGroup section */
		C616BDB72F962883009E2D27 /* Main.html */ = {
			isa = PBXVariantGroup;
			children = (
				C616BDB82F962883009E2D27 /* Base */,
			);
			name = Main.html;
			sourceTree = "<group>";
		};
		C616BDCB2F962885009E2D27 /* LaunchScreen.storyboard */ = {
			isa = PBXVariantGroup;
			children = (
				C616BDCC2F962885009E2D27 /* Base */,
			);
			name = LaunchScreen.storyboard;
			sourceTree = "<group>";
		};
		C616BDCE2F962885009E2D27 /* Main.storyboard */ = {
			isa = PBXVariantGroup;
			children = (
				C616BDCF2F962885009E2D27 /* Base */,
			);
			name = Main.storyboard;
			sourceTree = "<group>";
		};
		C616BDDA2F962885009E2D27 /* Main.storyboard */ = {
			isa = PBXVariantGroup;
			children = (
				C616BDDB2F962885009E2D27 /* Base */,
			);
			name = Main.storyboard;
			sourceTree = "<group>";
		};
/* End PBXVariantGroup section */

/* Begin XCBuildConfiguration section */
		C616BE002F962885009E2D27 /* Debug */ = {
			isa = XCBuildConfiguration;
			buildSettings = {
				ALWAYS_SEARCH_USER_PATHS = NO;
				ASSETCATALOG_COMPILER_GENERATE_SWIFT_ASSET_SYMBOL_EXTENSIONS = YES;
				CLANG_ANALYZER_NONNULL = YES;
				CLANG_ANALYZER_NUMBER_OBJECT_CONVERSION = YES_AGGRESSIVE;
				CLANG_CXX_LANGUAGE_STANDARD = "gnu++20";
				CLANG_ENABLE_MODULES = YES;
				CLANG_ENABLE_OBJC_ARC = YES;
				CLANG_ENABLE_OBJC_WEAK = YES;
				CLANG_WARN_BLOCK_CAPTURE_AUTORELEASING = YES;
				CLANG_WARN_BOOL_CONVERSION = YES;
				CLANG_WARN_COMMA = YES;
				CLANG_WARN_CONSTANT_CONVERSION = YES;
				CLANG_WARN_DEPRECATED_OBJC_IMPLEMENTATIONS = YES;
				CLANG_WARN_DIRECT_OBJC_ISA_USAGE = YES_ERROR;
				CLANG_WARN_DOCUMENTATION_COMMENTS = YES;
				CLANG_WARN_EMPTY_BODY = YES;
				CLANG_WARN_ENUM_CONVERSION = YES;
				CLANG_WARN_INFINITE_RECURSION = YES;
				CLANG_WARN_INT_CONVERSION = YES;
				CLANG_WARN_NON_LITERAL_NULL_CONVERSION = YES;
				CLANG_WARN_OBJC_IMPLICIT_RETAIN_SELF = YES;
				CLANG_WARN_OBJC_LITERAL_CONVERSION = YES;
				CLANG_WARN_OBJC_ROOT_CLASS = YES_ERROR;
				CLANG_WARN_QUOTED_INCLUDE_IN_FRAMEWORK_HEADER = YES;
				CLANG_WARN_RANGE_LOOP_ANALYSIS = YES;
				CLANG_WARN_STRICT_PROTOTYPES = YES;
				CLANG_WARN_SUSPICIOUS_MOVE = YES;
				CLANG_WARN_UNGUARDED_AVAILABILITY = YES_AGGRESSIVE;
				CLANG_WARN_UNREACHABLE_CODE = YES;
				CLANG_WARN__DUPLICATE_METHOD_MATCH = YES;
				COPY_PHASE_STRIP = NO;
				DEBUG_INFORMATION_FORMAT = dwarf;
				ENABLE_STRICT_OBJC_MSGSEND = YES;
				ENABLE_TESTABILITY = YES;
				ENABLE_USER_SCRIPT_SANDBOXING = YES;
				GCC_C_LANGUAGE_STANDARD = gnu17;
				GCC_DYNAMIC_NO_PIC = NO;
				GCC_NO_COMMON_BLOCKS = YES;
				GCC_OPTIMIZATION_LEVEL = 0;
				GCC_PREPROCESSOR_DEFINITIONS = (
					"DEBUG=1",
					"$(inherited)",
				);
				GCC_WARN_64_TO_32_BIT_CONVERSION = YES;
				GCC_WARN_ABOUT_RETURN_TYPE = YES_ERROR;
				GCC_WARN_UNDECLARED_SELECTOR = YES;
				GCC_WARN_UNINITIALIZED_AUTOS = YES_AGGRESSIVE;
				GCC_WARN_UNUSED_FUNCTION = YES;
				GCC_WARN_UNUSED_VARIABLE = YES;
				LOCALIZATION_PREFERS_STRING_CATALOGS = YES;
				MTL_ENABLE_DEBUG_INFO = INCLUDE_SOURCE;
				MTL_FAST_MATH = YES;
				ONLY_ACTIVE_ARCH = YES;
				SWIFT_ACTIVE_COMPILATION_CONDITIONS = "DEBUG $(inherited)";
				SWIFT_OPTIMIZATION_LEVEL = "-Onone";
			};
			name = Debug;
		};
		C616BE012F962885009E2D27 /* Release */ = {
			isa = XCBuildConfiguration;
			buildSettings = {
				ALWAYS_SEARCH_USER_PATHS = NO;
				ASSETCATALOG_COMPILER_GENERATE_SWIFT_ASSET_SYMBOL_EXTENSIONS = YES;
				CLANG_ANALYZER_NONNULL = YES;
				CLANG_ANALYZER_NUMBER_OBJECT_CONVERSION = YES_AGGRESSIVE;
				CLANG_CXX_LANGUAGE_STANDARD = "gnu++20";
				CLANG_ENABLE_MODULES = YES;
				CLANG_ENABLE_OBJC_ARC = YES;
				CLANG_ENABLE_OBJC_WEAK = YES;
				CLANG_WARN_BLOCK_CAPTURE_AUTORELEASING = YES;
				CLANG_WARN_BOOL_CONVERSION = YES;
				CLANG_WARN_COMMA = YES;
				CLANG_WARN_CONSTANT_CONVERSION = YES;
				CLANG_WARN_DEPRECATED_OBJC_IMPLEMENTATIONS = YES;
				CLANG_WARN_DIRECT_OBJC_ISA_USAGE = YES_ERROR;
				CLANG_WARN_DOCUMENTATION_COMMENTS = YES;
				CLANG_WARN_EMPTY_BODY = YES;
				CLANG_WARN_ENUM_CONVERSION = YES;
				CLANG_WARN_INFINITE_RECURSION = YES;
				CLANG_WARN_INT_CONVERSION = YES;
				CLANG_WARN_NON_LITERAL_NULL_CONVERSION = YES;
				CLANG_WARN_OBJC_IMPLICIT_RETAIN_SELF = YES;
				CLANG_WARN_OBJC_LITERAL_CONVERSION = YES;
				CLANG_WARN_OBJC_ROOT_CLASS = YES_ERROR;
				CLANG_WARN_QUOTED_INCLUDE_IN_FRAMEWORK_HEADER = YES;
				CLANG_WARN_RANGE_LOOP_ANALYSIS = YES;
				CLANG_WARN_STRICT_PROTOTYPES = YES;
				CLANG_WARN_SUSPICIOUS_MOVE = YES;
				CLANG_WARN_UNGUARDED_AVAILABILITY = YES_AGGRESSIVE;
				CLANG_WARN_UNREACHABLE_CODE = YES;
				CLANG_WARN__DUPLICATE_METHOD_MATCH = YES;
				COPY_PHASE_STRIP = NO;
				DEBUG_INFORMATION_FORMAT = "dwarf-with-dsym";
				ENABLE_NS_ASSERTIONS = NO;
				ENABLE_STRICT_OBJC_MSGSEND = YES;
				ENABLE_USER_SCRIPT_SANDBOXING = YES;
				GCC_C_LANGUAGE_STANDARD = gnu17;
				GCC_NO_COMMON_BLOCKS = YES;
				GCC_WARN_64_TO_32_BIT_CONVERSION = YES;
				GCC_WARN_ABOUT_RETURN_TYPE = YES_ERROR;
				GCC_WARN_UNDECLARED_SELECTOR = YES;
				GCC_WARN_UNINITIALIZED_AUTOS = YES_AGGRESSIVE;
				GCC_WARN_UNUSED_FUNCTION = YES;
				GCC_WARN_UNUSED_VARIABLE = YES;
				LOCALIZATION_PREFERS_STRING_CATALOGS = YES;
				MTL_ENABLE_DEBUG_INFO = NO;
				MTL_FAST_MATH = YES;
				SWIFT_COMPILATION_MODE = wholemodule;
			};
			name = Release;
		};
		C616BE032F962885009E2D27 /* Debug */ = {
			isa = XCBuildConfiguration;
			buildSettings = {
				CODE_SIGN_STYLE = Automatic;
				CURRENT_PROJECT_VERSION = 1;
				GENERATE_INFOPLIST_FILE = YES;
				INFOPLIST_FILE = "iOS (Extension)/Info.plist";
				INFOPLIST_KEY_CFBundleDisplayName = "LumenPass Extension";
				INFOPLIST_KEY_NSHumanReadableCopyright = "";
				IPHONEOS_DEPLOYMENT_TARGET = 15.0;
				LD_RUNPATH_SEARCH_PATHS = (
					"$(inherited)",
					"@executable_path/Frameworks",
					"@executable_path/../../Frameworks",
				);
				MARKETING_VERSION = 1.0;
				OTHER_LDFLAGS = (
					"-framework",
					SafariServices,
				);
				PRODUCT_BUNDLE_IDENTIFIER = "com.lumenpass.safari-extension.Extension";
				PRODUCT_NAME = "LumenPass Extension";
				SDKROOT = iphoneos;
				SKIP_INSTALL = YES;
				STRING_CATALOG_GENERATE_SYMBOLS = YES;
				SWIFT_APPROACHABLE_CONCURRENCY = YES;
				SWIFT_EMIT_LOC_STRINGS = YES;
				SWIFT_UPCOMING_FEATURE_MEMBER_IMPORT_VISIBILITY = YES;
				SWIFT_VERSION = 5.0;
				TARGETED_DEVICE_FAMILY = "1,2";
			};
			name = Debug;
		};
		C616BE042F962885009E2D27 /* Release */ = {
			isa = XCBuildConfiguration;
			buildSettings = {
				CODE_SIGN_STYLE = Automatic;
				CURRENT_PROJECT_VERSION = 1;
				GENERATE_INFOPLIST_FILE = YES;
				INFOPLIST_FILE = "iOS (Extension)/Info.plist";
				INFOPLIST_KEY_CFBundleDisplayName = "LumenPass Extension";
				INFOPLIST_KEY_NSHumanReadableCopyright = "";
				IPHONEOS_DEPLOYMENT_TARGET = 15.0;
				LD_RUNPATH_SEARCH_PATHS = (
					"$(inherited)",
					"@executable_path/Frameworks",
					"@executable_path/../../Frameworks",
				);
				MARKETING_VERSION = 1.0;
				OTHER_LDFLAGS = (
					"-framework",
					SafariServices,
				);
				PRODUCT_BUNDLE_IDENTIFIER = "com.lumenpass.safari-extension.Extension";
				PRODUCT_NAME = "LumenPass Extension";
				SDKROOT = iphoneos;
				SKIP_INSTALL = YES;
				STRING_CATALOG_GENERATE_SYMBOLS = YES;
				SWIFT_APPROACHABLE_CONCURRENCY = YES;
				SWIFT_EMIT_LOC_STRINGS = YES;
				SWIFT_UPCOMING_FEATURE_MEMBER_IMPORT_VISIBILITY = YES;
				SWIFT_VERSION = 5.0;
				TARGETED_DEVICE_FAMILY = "1,2";
				VALIDATE_PRODUCT = YES;
			};
			name = Release;
		};
		C616BE072F962885009E2D27 /* Debug */ = {
			isa = XCBuildConfiguration;
			buildSettings = {
				ASSETCATALOG_COMPILER_APPICON_NAME = AppIcon;
				ASSETCATALOG_COMPILER_GLOBAL_ACCENT_COLOR_NAME = AccentColor;
				CODE_SIGN_STYLE = Automatic;
				CURRENT_PROJECT_VERSION = 1;
				GENERATE_INFOPLIST_FILE = YES;
				INFOPLIST_FILE = "iOS (App)/Info.plist";
				INFOPLIST_KEY_CFBundleDisplayName = LumenPass;
				INFOPLIST_KEY_UIApplicationSupportsIndirectInputEvents = YES;
				INFOPLIST_KEY_UILaunchStoryboardName = LaunchScreen;
				INFOPLIST_KEY_UIMainStoryboardFile = Main;
				INFOPLIST_KEY_UISupportedInterfaceOrientations = "UIInterfaceOrientationPortrait UIInterfaceOrientationLandscapeLeft UIInterfaceOrientationLandscapeRight";
				INFOPLIST_KEY_UISupportedInterfaceOrientations_iPad = "UIInterfaceOrientationPortrait UIInterfaceOrientationPortraitUpsideDown UIInterfaceOrientationLandscapeLeft UIInterfaceOrientationLandscapeRight";
				IPHONEOS_DEPLOYMENT_TARGET = 15.0;
				LD_RUNPATH_SEARCH_PATHS = (
					"$(inherited)",
					"@executable_path/Frameworks",
				);
				MARKETING_VERSION = 1.0;
				OTHER_LDFLAGS = (
					"-framework",
					SafariServices,
					"-framework",
					WebKit,
				);
				PRODUCT_BUNDLE_IDENTIFIER = "com.lumenpass.safari-extension";
				PRODUCT_NAME = LumenPass;
				SDKROOT = iphoneos;
				STRING_CATALOG_GENERATE_SYMBOLS = YES;
				SWIFT_APPROACHABLE_CONCURRENCY = YES;
				SWIFT_DEFAULT_ACTOR_ISOLATION = MainActor;
				SWIFT_EMIT_LOC_STRINGS = YES;
				SWIFT_UPCOMING_FEATURE_MEMBER_IMPORT_VISIBILITY = YES;
				SWIFT_VERSION = 5.0;
				TARGETED_DEVICE_FAMILY = "1,2";
			};
			name = Debug;
		};
		C616BE082F962885009E2D27 /* Release */ = {
			isa = XCBuildConfiguration;
			buildSettings = {
				ASSETCATALOG_COMPILER_APPICON_NAME = AppIcon;
				ASSETCATALOG_COMPILER_GLOBAL_ACCENT_COLOR_NAME = AccentColor;
				CODE_SIGN_STYLE = Automatic;
				CURRENT_PROJECT_VERSION = 1;
				GENERATE_INFOPLIST_FILE = YES;
				INFOPLIST_FILE = "iOS (App)/Info.plist";
				INFOPLIST_KEY_CFBundleDisplayName = LumenPass;
				INFOPLIST_KEY_UIApplicationSupportsIndirectInputEvents = YES;
				INFOPLIST_KEY_UILaunchStoryboardName = LaunchScreen;
				INFOPLIST_KEY_UIMainStoryboardFile = Main;
				INFOPLIST_KEY_UISupportedInterfaceOrientations = "UIInterfaceOrientationPortrait UIInterfaceOrientationLandscapeLeft UIInterfaceOrientationLandscapeRight";
				INFOPLIST_KEY_UISupportedInterfaceOrientations_iPad = "UIInterfaceOrientationPortrait UIInterfaceOrientationPortraitUpsideDown UIInterfaceOrientationLandscapeLeft UIInterfaceOrientationLandscapeRight";
				IPHONEOS_DEPLOYMENT_TARGET = 15.0;
				LD_RUNPATH_SEARCH_PATHS = (
					"$(inherited)",
					"@executable_path/Frameworks",
				);
				MARKETING_VERSION = 1.0;
				OTHER_LDFLAGS = (
					"-framework",
					SafariServices,
					"-framework",
					WebKit,
				);
				PRODUCT_BUNDLE_IDENTIFIER = "com.lumenpass.safari-extension";
				PRODUCT_NAME = LumenPass;
				SDKROOT = iphoneos;
				STRING_CATALOG_GENERATE_SYMBOLS = YES;
				SWIFT_APPROACHABLE_CONCURRENCY = YES;
				SWIFT_DEFAULT_ACTOR_ISOLATION = MainActor;
				SWIFT_EMIT_LOC_STRINGS = YES;
				SWIFT_UPCOMING_FEATURE_MEMBER_IMPORT_VISIBILITY = YES;
				SWIFT_VERSION = 5.0;
				TARGETED_DEVICE_FAMILY = "1,2";
				VALIDATE_PRODUCT = YES;
			};
			name = Release;
		};
		C616BE0A2F962885009E2D27 /* Debug */ = {
			isa = XCBuildConfiguration;
			buildSettings = {
				CODE_SIGN_STYLE = Automatic;
				CURRENT_PROJECT_VERSION = 1;
				ENABLE_APP_SANDBOX = YES;
				ENABLE_HARDENED_RUNTIME = YES;
				ENABLE_USER_SELECTED_FILES = readonly;
				GENERATE_INFOPLIST_FILE = YES;
				INFOPLIST_FILE = "macOS (Extension)/Info.plist";
				INFOPLIST_KEY_CFBundleDisplayName = "LumenPass Extension";
				INFOPLIST_KEY_NSHumanReadableCopyright = "";
				LD_RUNPATH_SEARCH_PATHS = (
					"$(inherited)",
					"@executable_path/../Frameworks",
					"@executable_path/../../../../Frameworks",
				);
				MACOSX_DEPLOYMENT_TARGET = 10.14;
				MARKETING_VERSION = 1.0;
				OTHER_LDFLAGS = (
					"-framework",
					SafariServices,
				);
				PRODUCT_BUNDLE_IDENTIFIER = "com.lumenpass.safari-extension.Extension";
				PRODUCT_NAME = "LumenPass Extension";
				SDKROOT = macosx;
				SKIP_INSTALL = YES;
				STRING_CATALOG_GENERATE_SYMBOLS = YES;
				SWIFT_APPROACHABLE_CONCURRENCY = YES;
				SWIFT_EMIT_LOC_STRINGS = YES;
				SWIFT_UPCOMING_FEATURE_MEMBER_IMPORT_VISIBILITY = YES;
				SWIFT_VERSION = 5.0;
			};
			name = Debug;
		};
		C616BE0B2F962885009E2D27 /* Release */ = {
			isa = XCBuildConfiguration;
			buildSettings = {
				CODE_SIGN_STYLE = Automatic;
				CURRENT_PROJECT_VERSION = 1;
				ENABLE_APP_SANDBOX = YES;
				ENABLE_HARDENED_RUNTIME = YES;
				ENABLE_USER_SELECTED_FILES = readonly;
				GENERATE_INFOPLIST_FILE = YES;
				INFOPLIST_FILE = "macOS (Extension)/Info.plist";
				INFOPLIST_KEY_CFBundleDisplayName = "LumenPass Extension";
				INFOPLIST_KEY_NSHumanReadableCopyright = "";
				LD_RUNPATH_SEARCH_PATHS = (
					"$(inherited)",
					"@executable_path/../Frameworks",
					"@executable_path/../../../../Frameworks",
				);
				MACOSX_DEPLOYMENT_TARGET = 10.14;
				MARKETING_VERSION = 1.0;
				OTHER_LDFLAGS = (
					"-framework",
					SafariServices,
				);
				PRODUCT_BUNDLE_IDENTIFIER = "com.lumenpass.safari-extension.Extension";
				PRODUCT_NAME = "LumenPass Extension";
				SDKROOT = macosx;
				SKIP_INSTALL = YES;
				STRING_CATALOG_GENERATE_SYMBOLS = YES;
				SWIFT_APPROACHABLE_CONCURRENCY = YES;
				SWIFT_EMIT_LOC_STRINGS = YES;
				SWIFT_UPCOMING_FEATURE_MEMBER_IMPORT_VISIBILITY = YES;
				SWIFT_VERSION = 5.0;
			};
			name = Release;
		};
		C616BE0E2F962885009E2D27 /* Debug */ = {
			isa = XCBuildConfiguration;
			buildSettings = {
				ASSETCATALOG_COMPILER_APPICON_NAME = AppIcon;
				ASSETCATALOG_COMPILER_GLOBAL_ACCENT_COLOR_NAME = AccentColor;
				CODE_SIGN_STYLE = Automatic;
				CURRENT_PROJECT_VERSION = 1;
				ENABLE_APP_SANDBOX = YES;
				ENABLE_HARDENED_RUNTIME = YES;
				ENABLE_OUTGOING_NETWORK_CONNECTIONS = YES;
				ENABLE_USER_SELECTED_FILES = readonly;
				GENERATE_INFOPLIST_FILE = YES;
				INFOPLIST_FILE = "macOS (App)/Info.plist";
				INFOPLIST_KEY_CFBundleDisplayName = LumenPass;
				INFOPLIST_KEY_NSMainStoryboardFile = Main;
				INFOPLIST_KEY_NSPrincipalClass = NSApplication;
				LD_RUNPATH_SEARCH_PATHS = (
					"$(inherited)",
					"@executable_path/../Frameworks",
				);
				MACOSX_DEPLOYMENT_TARGET = 10.14;
				MARKETING_VERSION = 1.0;
				OTHER_LDFLAGS = (
					"-framework",
					SafariServices,
					"-framework",
					WebKit,
				);
				PRODUCT_BUNDLE_IDENTIFIER = "com.lumenpass.safari-extension";
				PRODUCT_NAME = LumenPass;
				REGISTER_APP_GROUPS = YES;
				SDKROOT = macosx;
				STRING_CATALOG_GENERATE_SYMBOLS = YES;
				SWIFT_APPROACHABLE_CONCURRENCY = YES;
				SWIFT_DEFAULT_ACTOR_ISOLATION = MainActor;
				SWIFT_EMIT_LOC_STRINGS = YES;
				SWIFT_UPCOMING_FEATURE_MEMBER_IMPORT_VISIBILITY = YES;
				SWIFT_VERSION = 5.0;
			};
			name = Debug;
		};
		C616BE0F2F962885009E2D27 /* Release */ = {
			isa = XCBuildConfiguration;
			buildSettings = {
				ASSETCATALOG_COMPILER_APPICON_NAME = AppIcon;
				ASSETCATALOG_COMPILER_GLOBAL_ACCENT_COLOR_NAME = AccentColor;
				CODE_SIGN_STYLE = Automatic;
				CURRENT_PROJECT_VERSION = 1;
				ENABLE_APP_SANDBOX = YES;
				ENABLE_HARDENED_RUNTIME = YES;
				ENABLE_OUTGOING_NETWORK_CONNECTIONS = YES;
				ENABLE_USER_SELECTED_FILES = readonly;
				GENERATE_INFOPLIST_FILE = YES;
				INFOPLIST_FILE = "macOS (App)/Info.plist";
				INFOPLIST_KEY_CFBundleDisplayName = LumenPass;
				INFOPLIST_KEY_NSMainStoryboardFile = Main;
				INFOPLIST_KEY_NSPrincipalClass = NSApplication;
				LD_RUNPATH_SEARCH_PATHS = (
					"$(inherited)",
					"@executable_path/../Frameworks",
				);
				MACOSX_DEPLOYMENT_TARGET = 10.14;
				MARKETING_VERSION = 1.0;
				OTHER_LDFLAGS = (
					"-framework",
					SafariServices,
					"-framework",
					WebKit,
				);
				PRODUCT_BUNDLE_IDENTIFIER = "com.lumenpass.safari-extension";
				PRODUCT_NAME = LumenPass;
				REGISTER_APP_GROUPS = YES;
				SDKROOT = macosx;
				STRING_CATALOG_GENERATE_SYMBOLS = YES;
				SWIFT_APPROACHABLE_CONCURRENCY = YES;
				SWIFT_DEFAULT_ACTOR_ISOLATION = MainActor;
				SWIFT_EMIT_LOC_STRINGS = YES;
				SWIFT_UPCOMING_FEATURE_MEMBER_IMPORT_VISIBILITY = YES;
				SWIFT_VERSION = 5.0;
			};
			name = Release;
		};
/* End XCBuildConfiguration section */

/* Begin XCConfigurationList section */
		C616BDB42F962883009E2D27 /* Build configuration list for PBXProject "LumenPass" */ = {
			isa = XCConfigurationList;
			buildConfigurations = (
				C616BE002F962885009E2D27 /* Debug */,
				C616BE012F962885009E2D27 /* Release */,
			);
			defaultConfigurationIsVisible = 0;
			defaultConfigurationName = Release;
		};
		C616BE022F962885009E2D27 /* Build configuration list for PBXNativeTarget "LumenPass Extension (iOS)" */ = {
			isa = XCConfigurationList;
			buildConfigurations = (
				C616BE032F962885009E2D27 /* Debug */,
				C616BE042F962885009E2D27 /* Release */,
			);
			defaultConfigurationIsVisible = 0;
			defaultConfigurationName = Release;
		};
		C616BE062F962885009E2D27 /* Build configuration list for PBXNativeTarget "LumenPass (iOS)" */ = {
			isa = XCConfigurationList;
			buildConfigurations = (
				C616BE072F962885009E2D27 /* Debug */,
				C616BE082F962885009E2D27 /* Release */,
			);
			defaultConfigurationIsVisible = 0;
			defaultConfigurationName = Release;
		};
		C616BE092F962885009E2D27 /* Build configuration list for PBXNativeTarget "LumenPass Extension (macOS)" */ = {
			isa = XCConfigurationList;
			buildConfigurations = (
				C616BE0A2F962885009E2D27 /* Debug */,
				C616BE0B2F962885009E2D27 /* Release */,
			);
			defaultConfigurationIsVisible = 0;
			defaultConfigurationName = Release;
		};
		C616BE0D2F962885009E2D27 /* Build configuration list for PBXNativeTarget "LumenPass (macOS)" */ = {
			isa = XCConfigurationList;
			buildConfigurations = (
				C616BE0E2F962885009E2D27 /* Debug */,
				C616BE0F2F962885009E2D27 /* Release */,
			);
			defaultConfigurationIsVisible = 0;
			defaultConfigurationName = Release;
		};
/* End XCConfigurationList section */
	};
	rootObject = C616BDB12F962883009E2D27 /* Project object */;
}
